// !$*UTF8*$!
{
	archiveVersion = 1;
	classes = {
	};
	objectVersion = 46;
	objects = {

/* Begin PBXBuildFile section */
		6F808E0F168CBA3400CEDFF5 /* Analytics.m in Sources */ = {isa = PBXBuildFile; fileRef = 6F808E00168CB8A300CEDFF5 /* Analytics.m */; };
		6F808E11168CBA3400CEDFF5 /* AppInfo.m in Sources */ = {isa = PBXBuildFile; fileRef = 6F808E02168CB8A300CEDFF5 /* AppInfo.m */; };
		6F808E13168CBA3400CEDFF5 /* GetVersion.m in Sources */ = {isa = PBXBuildFile; fileRef = 6F808E04168CB8A300CEDFF5 /* GetVersion.m */; };
		6F808E15168CBA3400CEDFF5 /* IsSupported.m in Sources */ = {isa = PBXBuildFile; fileRef = 6F808E06168CB8A300CEDFF5 /* IsSupported.m */; };
		6F808E17168CBA3400CEDFF5 /* Tracker.m in Sources */ = {isa = PBXBuildFile; fileRef = 6F808E08168CB8A300CEDFF5 /* Tracker.m */; };
		6F808E18168CBA4300CEDFF5 /* FREConversionUtil.m in Sources */ = {isa = PBXBuildFile; fileRef = 6F808DFB168CB8A300CEDFF5 /* FREConversionUtil.m */; };
		6F808E19168CBA4300CEDFF5 /* FREUtils.m in Sources */ = {isa = PBXBuildFile; fileRef = 6F808DFD168CB8A300CEDFF5 /* FREUtils.m */; };
		6F808E1A168CBA4300CEDFF5 /* GAExtension.m in Sources */ = {isa = PBXBuildFile; fileRef = 6F808E0A168CB8A300CEDFF5 /* GAExtension.m */; };
		6F808E28168CBA6300CEDFF5 /* libGoogleAnalytics.a in Frameworks */ = {isa = PBXBuildFile; fileRef = 6F808E21168CBA6300CEDFF5 /* libGoogleAnalytics.a */; settings = {ATTRIBUTES = (Required, ); }; };
		6F808E2B168CBAF000CEDFF5 /* CoreData.framework in Frameworks */ = {isa = PBXBuildFile; fileRef = 6F808E2A168CBAF000CEDFF5 /* CoreData.framework */; };
		6F808E2D168CBAFD00CEDFF5 /* SystemConfiguration.framework in Frameworks */ = {isa = PBXBuildFile; fileRef = 6F808E2C168CBAFD00CEDFF5 /* SystemConfiguration.framework */; };
		6F808E3C168DA4D300CEDFF5 /* FlashRuntimeExtensions.h in Headers */ = {isa = PBXBuildFile; fileRef = 6F808E1B168CBA6300CEDFF5 /* FlashRuntimeExtensions.h */; };
		6F808E3D168DA4D300CEDFF5 /* GAI.h in Headers */ = {isa = PBXBuildFile; fileRef = 6F808E1C168CBA6300CEDFF5 /* GAI.h */; };
		6F808E3E168DA4D300CEDFF5 /* GAITrackedViewController.h in Headers */ = {isa = PBXBuildFile; fileRef = 6F808E1D168CBA6300CEDFF5 /* GAITrackedViewController.h */; };
		6F808E3F168DA4D300CEDFF5 /* GAITracker.h in Headers */ = {isa = PBXBuildFile; fileRef = 6F808E1E168CBA6300CEDFF5 /* GAITracker.h */; };
		6F808E40168DA4D300CEDFF5 /* GAITransaction.h in Headers */ = {isa = PBXBuildFile; fileRef = 6F808E1F168CBA6300CEDFF5 /* GAITransaction.h */; };
		6F808E41168DA4D300CEDFF5 /* GAITransactionItem.h in Headers */ = {isa = PBXBuildFile; fileRef = 6F808E20168CBA6300CEDFF5 /* GAITransactionItem.h */; };
/* End PBXBuildFile section */

/* Begin PBXFileReference section */
		6F808DBA168CB84900CEDFF5 /* libGAExtension.a */ = {isa = PBXFileReference; explicitFileType = archive.ar; includeInIndex = 0; name = libGAExtension.a; path = libNativeGATracker.a; sourceTree = BUILT_PRODUCTS_DIR; };
		6F808DFA168CB8A300CEDFF5 /* FREConversionUtil.h */ = {isa = PBXFileReference; lastKnownFileType = sourcecode.c.h; path = FREConversionUtil.h; sourceTree = "<group>"; };
		6F808DFB168CB8A300CEDFF5 /* FREConversionUtil.m */ = {isa = PBXFileReference; lastKnownFileType = sourcecode.c.objc; path = FREConversionUtil.m; sourceTree = "<group>"; };
		6F808DFC168CB8A300CEDFF5 /* FREUtils.h */ = {isa = PBXFileReference; lastKnownFileType = sourcecode.c.h; path = FREUtils.h; sourceTree = "<group>"; };
		6F808DFD168CB8A300CEDFF5 /* FREUtils.m */ = {isa = PBXFileReference; lastKnownFileType = sourcecode.c.objc; path = FREUtils.m; sourceTree = "<group>"; };
		6F808DFF168CB8A300CEDFF5 /* Analytics.h */ = {isa = PBXFileReference; lastKnownFileType = sourcecode.c.h; path = Analytics.h; sourceTree = "<group>"; };
		6F808E00168CB8A300CEDFF5 /* Analytics.m */ = {isa = PBXFileReference; lastKnownFileType = sourcecode.c.objc; path = Analytics.m; sourceTree = "<group>"; };
		6F808E01168CB8A300CEDFF5 /* AppInfo.h */ = {isa = PBXFileReference; lastKnownFileType = sourcecode.c.h; path = AppInfo.h; sourceTree = "<group>"; };
		6F808E02168CB8A300CEDFF5 /* AppInfo.m */ = {isa = PBXFileReference; lastKnownFileType = sourcecode.c.objc; path = AppInfo.m; sourceTree = "<group>"; };
		6F808E03168CB8A300CEDFF5 /* GetVersion.h */ = {isa = PBXFileReference; lastKnownFileType = sourcecode.c.h; path = GetVersion.h; sourceTree = "<group>"; };
		6F808E04168CB8A300CEDFF5 /* GetVersion.m */ = {isa = PBXFileReference; lastKnownFileType = sourcecode.c.objc; path = GetVersion.m; sourceTree = "<group>"; };
		6F808E05168CB8A300CEDFF5 /* IsSupported.h */ = {isa = PBXFileReference; lastKnownFileType = sourcecode.c.h; path = IsSupported.h; sourceTree = "<group>"; };
		6F808E06168CB8A300CEDFF5 /* IsSupported.m */ = {isa = PBXFileReference; lastKnownFileType = sourcecode.c.objc; path = IsSupported.m; sourceTree = "<group>"; };
		6F808E07168CB8A300CEDFF5 /* Tracker.h */ = {isa = PBXFileReference; lastKnownFileType = sourcecode.c.h; path = Tracker.h; sourceTree = "<group>"; };
		6F808E08168CB8A300CEDFF5 /* Tracker.m */ = {isa = PBXFileReference; lastKnownFileType = sourcecode.c.objc; path = Tracker.m; sourceTree = "<group>"; };
		6F808E09168CB8A300CEDFF5 /* GAExtension.h */ = {isa = PBXFileReference; lastKnownFileType = sourcecode.c.h; path = GAExtension.h; sourceTree = "<group>"; };
		6F808E0A168CB8A300CEDFF5 /* GAExtension.m */ = {isa = PBXFileReference; lastKnownFileType = sourcecode.c.objc; path = GAExtension.m; sourceTree = "<group>"; };
		6F808E0B168CB8A300CEDFF5 /* GAExtension-Prefix.pch */ = {isa = PBXFileReference; lastKnownFileType = sourcecode.c.h; path = "GAExtension-Prefix.pch"; sourceTree = "<group>"; };
		6F808E1B168CBA6300CEDFF5 /* FlashRuntimeExtensions.h */ = {isa = PBXFileReference; lastKnownFileType = sourcecode.c.h; name = FlashRuntimeExtensions.h; path = Libraries/FlashRuntimeExtensions.h; sourceTree = "<group>"; };
		6F808E1C168CBA6300CEDFF5 /* GAI.h */ = {isa = PBXFileReference; lastKnownFileType = sourcecode.c.h; name = GAI.h; path = Libraries/GAI.h; sourceTree = "<group>"; };
		6F808E1D168CBA6300CEDFF5 /* GAITrackedViewController.h */ = {isa = PBXFileReference; lastKnownFileType = sourcecode.c.h; name = GAITrackedViewController.h; path = Libraries/GAITrackedViewController.h; sourceTree = "<group>"; };
		6F808E1E168CBA6300CEDFF5 /* GAITracker.h */ = {isa = PBXFileReference; lastKnownFileType = sourcecode.c.h; name = GAITracker.h; path = Libraries/GAITracker.h; sourceTree = "<group>"; };
		6F808E1F168CBA6300CEDFF5 /* GAITransaction.h */ = {isa = PBXFileReference; lastKnownFileType = sourcecode.c.h; name = GAITransaction.h; path = Libraries/GAITransaction.h; sourceTree = "<group>"; };
		6F808E20168CBA6300CEDFF5 /* GAITransactionItem.h */ = {isa = PBXFileReference; lastKnownFileType = sourcecode.c.h; name = GAITransactionItem.h; path = Libraries/GAITransactionItem.h; sourceTree = "<group>"; };
		6F808E21168CBA6300CEDFF5 /* libGoogleAnalytics.a */ = {isa = PBXFileReference; lastKnownFileType = archive.ar; name = libGoogleAnalytics.a; path = Libraries/libGoogleAnalytics.a; sourceTree = "<group>"; };
		6F808E2A168CBAF000CEDFF5 /* CoreData.framework */ = {isa = PBXFileReference; lastKnownFileType = wrapper.framework; name = CoreData.framework; path = Platforms/iPhoneOS.platform/Developer/SDKs/iPhoneOS5.1.sdk/System/Library/Frameworks/CoreData.framework; sourceTree = DEVELOPER_DIR; };
		6F808E2C168CBAFD00CEDFF5 /* SystemConfiguration.framework */ = {isa = PBXFileReference; lastKnownFileType = wrapper.framework; name = SystemConfiguration.framework; path = Platforms/iPhoneOS.platform/Developer/SDKs/iPhoneOS5.1.sdk/System/Library/Frameworks/SystemConfiguration.framework; sourceTree = DEVELOPER_DIR; };
/* End PBXFileReference section */

/* Begin PBXFrameworksBuildPhase section */
		6F808DB7168CB84900CEDFF5 /* Frameworks */ = {
			isa = PBXFrameworksBuildPhase;
			buildActionMask = 2147483647;
			files = (
				6F808E2D168CBAFD00CEDFF5 /* SystemConfiguration.framework in Frameworks */,
				6F808E2B168CBAF000CEDFF5 /* CoreData.framework in Frameworks */,
				6F808E28168CBA6300CEDFF5 /* libGoogleAnalytics.a in Frameworks */,
			);
			runOnlyForDeploymentPostprocessing = 0;
		};
/* End PBXFrameworksBuildPhase section */

/* Begin PBXGroup section */
		6F808DAA168CB81400CEDFF5 = {
			isa = PBXGroup;
			children = (
				6F808DE6168CB84900CEDFF5 /* NativeGATracker */,
				6F808E29168CBA6F00CEDFF5 /* Libraries */,
				6F808DBC168CB84900CEDFF5 /* Frameworks */,
				6F808DBB168CB84900CEDFF5 /* Products */,
			);
			sourceTree = "<group>";
		};
		6F808DBB168CB84900CEDFF5 /* Products */ = {
			isa = PBXGroup;
			children = (
				6F808DBA168CB84900CEDFF5 /* libGAExtension.a */,
			);
			name = Products;
			sourceTree = "<group>";
		};
		6F808DBC168CB84900CEDFF5 /* Frameworks */ = {
			isa = PBXGroup;
			children = (
				6F808E2C168CBAFD00CEDFF5 /* SystemConfiguration.framework */,
				6F808E2A168CBAF000CEDFF5 /* CoreData.framework */,
			);
			name = Frameworks;
			sourceTree = "<group>";
		};
		6F808DE6168CB84900CEDFF5 /* NativeGATracker */ = {
			isa = PBXGroup;
			children = (
				6F808DFE168CB8A300CEDFF5 /* Functions */,
				6F808DFA168CB8A300CEDFF5 /* FREConversionUtil.h */,
				6F808DFB168CB8A300CEDFF5 /* FREConversionUtil.m */,
				6F808DFC168CB8A300CEDFF5 /* FREUtils.h */,
				6F808DFD168CB8A300CEDFF5 /* FREUtils.m */,
				6F808E09168CB8A300CEDFF5 /* GAExtension.h */,
				6F808E0A168CB8A300CEDFF5 /* GAExtension.m */,
				6F808DE7168CB84900CEDFF5 /* Supporting Files */,
			);
			path = NativeGATracker;
			sourceTree = "<group>";
		};
		6F808DE7168CB84900CEDFF5 /* Supporting Files */ = {
			isa = PBXGroup;
			children = (
				6F808E0B168CB8A300CEDFF5 /* GAExtension-Prefix.pch */,
			);
			name = "Supporting Files";
			sourceTree = "<group>";
		};
		6F808DFE168CB8A300CEDFF5 /* Functions */ = {
			isa = PBXGroup;
			children = (
				6F808DFF168CB8A300CEDFF5 /* Analytics.h */,
				6F808E00168CB8A300CEDFF5 /* Analytics.m */,
				6F808E01168CB8A300CEDFF5 /* AppInfo.h */,
				6F808E02168CB8A300CEDFF5 /* AppInfo.m */,
				6F808E03168CB8A300CEDFF5 /* GetVersion.h */,
				6F808E04168CB8A300CEDFF5 /* GetVersion.m */,
				6F808E05168CB8A300CEDFF5 /* IsSupported.h */,
				6F808E06168CB8A300CEDFF5 /* IsSupported.m */,
				6F808E07168CB8A300CEDFF5 /* Tracker.h */,
				6F808E08168CB8A300CEDFF5 /* Tracker.m */,
			);
			path = Functions;
			sourceTree = "<group>";
		};
		6F808E29168CBA6F00CEDFF5 /* Libraries */ = {
			isa = PBXGroup;
			children = (
				6F808E1B168CBA6300CEDFF5 /* FlashRuntimeExtensions.h */,
				6F808E1C168CBA6300CEDFF5 /* GAI.h */,
				6F808E1D168CBA6300CEDFF5 /* GAITrackedViewController.h */,
				6F808E1E168CBA6300CEDFF5 /* GAITracker.h */,
				6F808E1F168CBA6300CEDFF5 /* GAITransaction.h */,
				6F808E20168CBA6300CEDFF5 /* GAITransactionItem.h */,
				6F808E21168CBA6300CEDFF5 /* libGoogleAnalytics.a */,
			);
			name = Libraries;
			sourceTree = "<group>";
		};
/* End PBXGroup section */

/* Begin PBXHeadersBuildPhase section */
		6F808DB8168CB84900CEDFF5 /* Headers */ = {
			isa = PBXHeadersBuildPhase;
			buildActionMask = 2147483647;
			files = (
				6F808E3C168DA4D300CEDFF5 /* FlashRuntimeExtensions.h in Headers */,
				6F808E3D168DA4D300CEDFF5 /* GAI.h in Headers */,
				6F808E3E168DA4D300CEDFF5 /* GAITrackedViewController.h in Headers */,
				6F808E3F168DA4D300CEDFF5 /* GAITracker.h in Headers */,
				6F808E40168DA4D300CEDFF5 /* GAITransaction.h in Headers */,
				6F808E41168DA4D300CEDFF5 /* GAITransactionItem.h in Headers */,
			);
			runOnlyForDeploymentPostprocessing = 0;
		};
/* End PBXHeadersBuildPhase section */

/* Begin PBXNativeTarget section */
		6F808DB9168CB84900CEDFF5 /* NativeGATracker */ = {
			isa = PBXNativeTarget;
			buildConfigurationList = 6F808DF6168CB84900CEDFF5 /* Build configuration list for PBXNativeTarget "NativeGATracker" */;
			buildPhases = (
				6F808DB6168CB84900CEDFF5 /* Sources */,
				6F808DB7168CB84900CEDFF5 /* Frameworks */,
				6F808DB8168CB84900CEDFF5 /* Headers */,
			);
			buildRules = (
			);
			dependencies = (
			);
			name = NativeGATracker;
			productName = NativeGATracker;
			productReference = 6F808DBA168CB84900CEDFF5 /* libGAExtension.a */;
			productType = "com.apple.product-type.library.static";
		};
/* End PBXNativeTarget section */

/* Begin PBXProject section */
		6F808DAC168CB81400CEDFF5 /* Project object */ = {
			isa = PBXProject;
			attributes = {
				LastUpgradeCheck = 0440;
			};
			buildConfigurationList = 6F808DAF168CB81400CEDFF5 /* Build configuration list for PBXProject "NativeGATracker" */;
			compatibilityVersion = "Xcode 3.2";
			developmentRegion = English;
			hasScannedForEncodings = 0;
			knownRegions = (
				en,
			);
			mainGroup = 6F808DAA168CB81400CEDFF5;
			productRefGroup = 6F808DBB168CB84900CEDFF5 /* Products */;
			projectDirPath = "";
			projectRoot = "";
			targets = (
				6F808DB9168CB84900CEDFF5 /* NativeGATracker */,
			);
		};
/* End PBXProject section */

/* Begin PBXSourcesBuildPhase section */
		6F808DB6168CB84900CEDFF5 /* Sources */ = {
			isa = PBXSourcesBuildPhase;
			buildActionMask = 2147483647;
			files = (
				6F808E18168CBA4300CEDFF5 /* FREConversionUtil.m in Sources */,
				6F808E19168CBA4300CEDFF5 /* FREUtils.m in Sources */,
				6F808E1A168CBA4300CEDFF5 /* GAExtension.m in Sources */,
				6F808E0F168CBA3400CEDFF5 /* Analytics.m in Sources */,
				6F808E11168CBA3400CEDFF5 /* AppInfo.m in Sources */,
				6F808E13168CBA3400CEDFF5 /* GetVersion.m in Sources */,
				6F808E15168CBA3400CEDFF5 /* IsSupported.m in Sources */,
				6F808E17168CBA3400CEDFF5 /* Tracker.m in Sources */,
			);
			runOnlyForDeploymentPostprocessing = 0;
		};
/* End PBXSourcesBuildPhase section */

/* Begin XCBuildConfiguration section */
		6F808DB1168CB81400CEDFF5 /* Debug */ = {
			isa = XCBuildConfiguration;
			buildSettings = {
				ARCHS = "$(ARCHS_STANDARD_32_BIT)";
				IPHONEOS_DEPLOYMENT_TARGET = 4.3;
				ONLY_ACTIVE_ARCH = YES;
				SDKROOT = iphoneos;
				SUPPORTED_PLATFORMS = "iphonesimulator iphoneos";
				TARGETED_DEVICE_FAMILY = "1,2";
			};
			name = Debug;
		};
		6F808DB2168CB81400CEDFF5 /* Release */ = {
			isa = XCBuildConfiguration;
			buildSettings = {
				ARCHS = "$(ARCHS_STANDARD_32_BIT)";
				IPHONEOS_DEPLOYMENT_TARGET = 4.3;
				ONLY_ACTIVE_ARCH = YES;
				SDKROOT = iphoneos;
				SUPPORTED_PLATFORMS = "iphonesimulator iphoneos";
				TARGETED_DEVICE_FAMILY = "1,2";
			};
			name = Release;
		};
		6F808DF0168CB84900CEDFF5 /* Debug */ = {
			isa = XCBuildConfiguration;
			buildSettings = {
				ALWAYS_SEARCH_USER_PATHS = NO;
				ARCHS = "$(ARCHS_STANDARD_32_BIT)";
				CLANG_ENABLE_OBJC_ARC = NO;
				"CODE_SIGN_IDENTITY[sdk=iphoneos*]" = "iPhone Developer";
				COPY_PHASE_STRIP = NO;
				DSTROOT = /tmp/GAExtension.dst;
				FRAMEWORK_SEARCH_PATHS = (
					"$(inherited)",
					"\"$(SYSTEM_APPS_DIR)/Xcode.app/Contents/Developer/Library/Frameworks\"",
				);
				GCC_C_LANGUAGE_STANDARD = gnu99;
				GCC_DYNAMIC_NO_PIC = NO;
				GCC_ENABLE_CPP_EXCEPTIONS = YES;
				GCC_ENABLE_OBJC_EXCEPTIONS = YES;
				GCC_OPTIMIZATION_LEVEL = 0;
				GCC_PRECOMPILE_PREFIX_HEADER = YES;
				GCC_PREFIX_HEADER = "NativeGATracker/GAExtension-Prefix.pch";
				GCC_PREPROCESSOR_DEFINITIONS = (
					"DEBUG=1",
					"$(inherited)",
				);
				GCC_SYMBOLS_PRIVATE_EXTERN = NO;
				GCC_VERSION = com.apple.compilers.llvmgcc42;
				GCC_WARN_ABOUT_MISSING_PROTOTYPES = NO;
				GCC_WARN_ABOUT_RETURN_TYPE = YES;
				GCC_WARN_UNUSED_VARIABLE = YES;
				IPHONEOS_DEPLOYMENT_TARGET = 5.1;
				LIBRARY_SEARCH_PATHS = (
					"$(inherited)",
					"\"$(SRCROOT)/Libraries\"",
				);
				OTHER_LDFLAGS = "-ObjC";
				PRODUCT_NAME = "$(TARGET_NAME)";
				SDKROOT = iphoneos;
				SKIP_INSTALL = YES;
				USER_HEADER_SEARCH_PATHS = "/Users/cyberpunk/SDKs/flex-sdk/4.6.0/include/";
			};
			name = Debug;
		};
		6F808DF1168CB84900CEDFF5 /* Release */ = {
			isa = XCBuildConfiguration;
			buildSettings = {
				ALWAYS_SEARCH_USER_PATHS = NO;
				ARCHS = "$(ARCHS_STANDARD_32_BIT)";
				CLANG_ENABLE_OBJC_ARC = NO;
				"CODE_SIGN_IDENTITY[sdk=iphoneos*]" = "iPhone Developer";
				COPY_PHASE_STRIP = YES;
				DSTROOT = /tmp/GAExtension.dst;
				FRAMEWORK_SEARCH_PATHS = (
					"$(inherited)",
					"\"$(SYSTEM_APPS_DIR)/Xcode.app/Contents/Developer/Library/Frameworks\"",
				);
				GCC_C_LANGUAGE_STANDARD = gnu99;
				GCC_ENABLE_CPP_EXCEPTIONS = YES;
				GCC_ENABLE_OBJC_EXCEPTIONS = YES;
				GCC_PRECOMPILE_PREFIX_HEADER = YES;
				GCC_PREFIX_HEADER = "NativeGATracker/GAExtension-Prefix.pch";
				GCC_VERSION = com.apple.compilers.llvmgcc42;
				GCC_WARN_ABOUT_MISSING_PROTOTYPES = NO;
				GCC_WARN_ABOUT_RETURN_TYPE = YES;
				GCC_WARN_UNUSED_VARIABLE = YES;
				IPHONEOS_DEPLOYMENT_TARGET = 5.1;
				LIBRARY_SEARCH_PATHS = (
					"$(inherited)",
					"\"$(SRCROOT)/Libraries\"",
				);
				OTHER_LDFLAGS = "-ObjC";
				PRODUCT_NAME = "$(TARGET_NAME)";
				SDKROOT = iphoneos;
				SKIP_INSTALL = YES;
				USER_HEADER_SEARCH_PATHS = "/Users/cyberpunk/SDKs/flex-sdk/4.6.0/include/";
				VALIDATE_PRODUCT = YES;
			};
			name = Release;
		};
/* End XCBuildConfiguration section */

/* Begin XCConfigurationList section */
		6F808DAF168CB81400CEDFF5 /* Build configuration list for PBXProject "NativeGATracker" */ = {
			isa = XCConfigurationList;
			buildConfigurations = (
				6F808DB1168CB81400CEDFF5 /* Debug */,
				6F808DB2168CB81400CEDFF5 /* Release */,
			);
			defaultConfigurationIsVisible = 0;
			defaultConfigurationName = Release;
		};
		6F808DF6168CB84900CEDFF5 /* Build configuration list for PBXNativeTarget "NativeGATracker" */ = {
			isa = XCConfigurationList;
			buildConfigurations = (
				6F808DF0168CB84900CEDFF5 /* Debug */,
				6F808DF1168CB84900CEDFF5 /* Release */,
			);
			defaultConfigurationIsVisible = 0;
			defaultConfigurationName = Release;
		};
/* End XCConfigurationList section */
	};
	rootObject = 6F808DAC168CB81400CEDFF5 /* Project object */;
}
