// !$*UTF8*$!
{
	archiveVersion = 1;
	classes = {
	};
	objectVersion = 46;
	objects = {

/* Begin PBXBuildFile section */
		F34EC25F1941B401005DCB42 /* Foundation.framework in Frameworks */ = {isa = PBXBuildFile; fileRef = F34EC25E1941B401005DCB42 /* Foundation.framework */; };
		F3E1DD2D1A443AD3002CAD03 /* GAContext.m in Sources */ = {isa = PBXBuildFile; fileRef = F3E1DD271A443AD3002CAD03 /* GAContext.m */; };
		F3E1DD2E1A443AD3002CAD03 /* GAExtension.m in Sources */ = {isa = PBXBuildFile; fileRef = F3E1DD291A443AD3002CAD03 /* GAExtension.m */; };
		F3E1DD2F1A443AD3002CAD03 /* GATypeConverter.m in Sources */ = {isa = PBXBuildFile; fileRef = F3E1DD2C1A443AD3002CAD03 /* GATypeConverter.m */; };
		F3E1DD381A443AF1002CAD03 /* GAGetVersion.m in Sources */ = {isa = PBXBuildFile; fileRef = F3E1DD331A443AF1002CAD03 /* GAGetVersion.m */; };
		F3E1DD391A443AF1002CAD03 /* GAInitialise.m in Sources */ = {isa = PBXBuildFile; fileRef = F3E1DD351A443AF1002CAD03 /* GAInitialise.m */; };
		F3E1DD3A1A443AF1002CAD03 /* GAIsSupported.m in Sources */ = {isa = PBXBuildFile; fileRef = F3E1DD371A443AF1002CAD03 /* GAIsSupported.m */; };
/* End PBXBuildFile section */

/* Begin PBXCopyFilesBuildPhase section */
		F34EC2591941B400005DCB42 /* CopyFiles */ = {
			isa = PBXCopyFilesBuildPhase;
			buildActionMask = 2147483647;
			dstPath = "include/$(PRODUCT_NAME)";
			dstSubfolderSpec = 16;
			files = (
			);
			runOnlyForDeploymentPostprocessing = 0;
		};
/* End PBXCopyFilesBuildPhase section */

/* Begin PBXFileReference section */
		F34EC25B1941B401005DCB42 /* libNativeGATracker.a */ = {isa = PBXFileReference; explicitFileType = archive.ar; includeInIndex = 0; path = libNativeGATracker.a; sourceTree = BUILT_PRODUCTS_DIR; };
		F34EC25E1941B401005DCB42 /* Foundation.framework */ = {isa = PBXFileReference; lastKnownFileType = wrapper.framework; name = Foundation.framework; path = System/Library/Frameworks/Foundation.framework; sourceTree = SDKROOT; };
		F34EC2621941B401005DCB42 /* NativeGATracker-Prefix.pch */ = {isa = PBXFileReference; lastKnownFileType = sourcecode.c.h; path = "NativeGATracker-Prefix.pch"; sourceTree = "<group>"; };
		F34EC26C1941B401005DCB42 /* XCTest.framework */ = {isa = PBXFileReference; lastKnownFileType = wrapper.framework; name = XCTest.framework; path = Library/Frameworks/XCTest.framework; sourceTree = DEVELOPER_DIR; };
		F34EC26F1941B401005DCB42 /* UIKit.framework */ = {isa = PBXFileReference; lastKnownFileType = wrapper.framework; name = UIKit.framework; path = Library/Frameworks/UIKit.framework; sourceTree = DEVELOPER_DIR; };
		F3E1DD261A443AD3002CAD03 /* GAContext.h */ = {isa = PBXFileReference; fileEncoding = 4; lastKnownFileType = sourcecode.c.h; path = GAContext.h; sourceTree = "<group>"; };
		F3E1DD271A443AD3002CAD03 /* GAContext.m */ = {isa = PBXFileReference; fileEncoding = 4; lastKnownFileType = sourcecode.c.objc; path = GAContext.m; sourceTree = "<group>"; };
		F3E1DD281A443AD3002CAD03 /* GAExtension.h */ = {isa = PBXFileReference; fileEncoding = 4; lastKnownFileType = sourcecode.c.h; path = GAExtension.h; sourceTree = "<group>"; };
		F3E1DD291A443AD3002CAD03 /* GAExtension.m */ = {isa = PBXFileReference; fileEncoding = 4; lastKnownFileType = sourcecode.c.objc; path = GAExtension.m; sourceTree = "<group>"; };
		F3E1DD2A1A443AD3002CAD03 /* GAMacros.h */ = {isa = PBXFileReference; fileEncoding = 4; lastKnownFileType = sourcecode.c.h; path = GAMacros.h; sourceTree = "<group>"; };
		F3E1DD2B1A443AD3002CAD03 /* GATypeConverter.h */ = {isa = PBXFileReference; fileEncoding = 4; lastKnownFileType = sourcecode.c.h; path = GATypeConverter.h; sourceTree = "<group>"; };
		F3E1DD2C1A443AD3002CAD03 /* GATypeConverter.m */ = {isa = PBXFileReference; fileEncoding = 4; lastKnownFileType = sourcecode.c.objc; path = GATypeConverter.m; sourceTree = "<group>"; };
		F3E1DD301A443AE3002CAD03 /* FlashRuntimeExtensions.h */ = {isa = PBXFileReference; fileEncoding = 4; lastKnownFileType = sourcecode.c.h; path = FlashRuntimeExtensions.h; sourceTree = "<group>"; };
		F3E1DD321A443AF1002CAD03 /* GAGetVersion.h */ = {isa = PBXFileReference; fileEncoding = 4; lastKnownFileType = sourcecode.c.h; path = GAGetVersion.h; sourceTree = "<group>"; };
		F3E1DD331A443AF1002CAD03 /* GAGetVersion.m */ = {isa = PBXFileReference; fileEncoding = 4; lastKnownFileType = sourcecode.c.objc; path = GAGetVersion.m; sourceTree = "<group>"; };
		F3E1DD341A443AF1002CAD03 /* GAInitialise.h */ = {isa = PBXFileReference; fileEncoding = 4; lastKnownFileType = sourcecode.c.h; path = GAInitialise.h; sourceTree = "<group>"; };
		F3E1DD351A443AF1002CAD03 /* GAInitialise.m */ = {isa = PBXFileReference; fileEncoding = 4; lastKnownFileType = sourcecode.c.objc; path = GAInitialise.m; sourceTree = "<group>"; };
		F3E1DD361A443AF1002CAD03 /* GAIsSupported.h */ = {isa = PBXFileReference; fileEncoding = 4; lastKnownFileType = sourcecode.c.h; path = GAIsSupported.h; sourceTree = "<group>"; };
		F3E1DD371A443AF1002CAD03 /* GAIsSupported.m */ = {isa = PBXFileReference; fileEncoding = 4; lastKnownFileType = sourcecode.c.objc; path = GAIsSupported.m; sourceTree = "<group>"; };
		F3E1DD3D1A4450DC002CAD03 /* en */ = {isa = PBXFileReference; lastKnownFileType = text.plist.strings; name = en; path = en.lproj/Localizable.strings; sourceTree = "<group>"; };
/* End PBXFileReference section */

/* Begin PBXFrameworksBuildPhase section */
		F34EC2581941B400005DCB42 /* Frameworks */ = {
			isa = PBXFrameworksBuildPhase;
			buildActionMask = 2147483647;
			files = (
				F34EC25F1941B401005DCB42 /* Foundation.framework in Frameworks */,
			);
			runOnlyForDeploymentPostprocessing = 0;
		};
/* End PBXFrameworksBuildPhase section */

/* Begin PBXGroup section */
		F34EC2521941B400005DCB42 = {
			isa = PBXGroup;
			children = (
				F34EC2601941B401005DCB42 /* NativeGATracker */,
				F34EC25D1941B401005DCB42 /* Frameworks */,
				F34EC25C1941B401005DCB42 /* Products */,
			);
			sourceTree = "<group>";
		};
		F34EC25C1941B401005DCB42 /* Products */ = {
			isa = PBXGroup;
			children = (
				F34EC25B1941B401005DCB42 /* libNativeGATracker.a */,
			);
			name = Products;
			sourceTree = "<group>";
		};
		F34EC25D1941B401005DCB42 /* Frameworks */ = {
			isa = PBXGroup;
			children = (
				F34EC25E1941B401005DCB42 /* Foundation.framework */,
				F34EC26C1941B401005DCB42 /* XCTest.framework */,
				F34EC26F1941B401005DCB42 /* UIKit.framework */,
			);
			name = Frameworks;
			sourceTree = "<group>";
		};
		F34EC2601941B401005DCB42 /* NativeGATracker */ = {
			isa = PBXGroup;
			children = (
				F3E1DD3B1A443AF8002CAD03 /* Resources */,
				F3E1DD311A443AF1002CAD03 /* Functions */,
				F3E1DD261A443AD3002CAD03 /* GAContext.h */,
				F3E1DD271A443AD3002CAD03 /* GAContext.m */,
				F3E1DD281A443AD3002CAD03 /* GAExtension.h */,
				F3E1DD291A443AD3002CAD03 /* GAExtension.m */,
				F3E1DD2A1A443AD3002CAD03 /* GAMacros.h */,
				F3E1DD2B1A443AD3002CAD03 /* GATypeConverter.h */,
				F3E1DD2C1A443AD3002CAD03 /* GATypeConverter.m */,
				F34EC2611941B401005DCB42 /* Supporting Files */,
			);
			path = NativeGATracker;
			sourceTree = "<group>";
		};
		F34EC2611941B401005DCB42 /* Supporting Files */ = {
			isa = PBXGroup;
			children = (
				F3E1DD301A443AE3002CAD03 /* FlashRuntimeExtensions.h */,
				F34EC2621941B401005DCB42 /* NativeGATracker-Prefix.pch */,
			);
			name = "Supporting Files";
			sourceTree = "<group>";
		};
		F3E1DD311A443AF1002CAD03 /* Functions */ = {
			isa = PBXGroup;
			children = (
				F3E1DD321A443AF1002CAD03 /* GAGetVersion.h */,
				F3E1DD331A443AF1002CAD03 /* GAGetVersion.m */,
				F3E1DD341A443AF1002CAD03 /* GAInitialise.h */,
				F3E1DD351A443AF1002CAD03 /* GAInitialise.m */,
				F3E1DD361A443AF1002CAD03 /* GAIsSupported.h */,
				F3E1DD371A443AF1002CAD03 /* GAIsSupported.m */,
			);
			path = Functions;
			sourceTree = "<group>";
		};
		F3E1DD3B1A443AF8002CAD03 /* Resources */ = {
			isa = PBXGroup;
			children = (
				F3E1DD3E1A4450DC002CAD03 /* Localizable.strings */,
			);
			path = Resources;
			sourceTree = "<group>";
		};
/* End PBXGroup section */

/* Begin PBXNativeTarget section */
		F34EC25A1941B400005DCB42 /* NativeGATracker */ = {
			isa = PBXNativeTarget;
			buildConfigurationList = F34EC27E1941B401005DCB42 /* Build configuration list for PBXNativeTarget "NativeGATracker" */;
			buildPhases = (
				F34EC2571941B400005DCB42 /* Sources */,
				F34EC2581941B400005DCB42 /* Frameworks */,
				F34EC2591941B400005DCB42 /* CopyFiles */,
			);
			buildRules = (
			);
			dependencies = (
			);
			name = NativeGATracker;
			productName = NativeGATracker;
			productReference = F34EC25B1941B401005DCB42 /* libNativeGATracker.a */;
			productType = "com.apple.product-type.library.static";
		};
/* End PBXNativeTarget section */

/* Begin PBXProject section */
		F34EC2531941B400005DCB42 /* Project object */ = {
			isa = PBXProject;
			attributes = {
				LastUpgradeCheck = 0510;
				ORGANIZATIONNAME = "Alessandro Bianco";
			};
			buildConfigurationList = F34EC2561941B400005DCB42 /* Build configuration list for PBXProject "NativeGATracker" */;
			compatibilityVersion = "Xcode 3.2";
			developmentRegion = English;
			hasScannedForEncodings = 0;
			knownRegions = (
				en,
			);
			mainGroup = F34EC2521941B400005DCB42;
			productRefGroup = F34EC25C1941B401005DCB42 /* Products */;
			projectDirPath = "";
			projectRoot = "";
			targets = (
				F34EC25A1941B400005DCB42 /* NativeGATracker */,
			);
		};
/* End PBXProject section */

/* Begin PBXSourcesBuildPhase section */
		F34EC2571941B400005DCB42 /* Sources */ = {
			isa = PBXSourcesBuildPhase;
			buildActionMask = 2147483647;
			files = (
				F3E1DD2D1A443AD3002CAD03 /* GAContext.m in Sources */,
				F3E1DD2E1A443AD3002CAD03 /* GAExtension.m in Sources */,
				F3E1DD3A1A443AF1002CAD03 /* GAIsSupported.m in Sources */,
				F3E1DD2F1A443AD3002CAD03 /* GATypeConverter.m in Sources */,
				F3E1DD391A443AF1002CAD03 /* GAInitialise.m in Sources */,
				F3E1DD381A443AF1002CAD03 /* GAGetVersion.m in Sources */,
			);
			runOnlyForDeploymentPostprocessing = 0;
		};
/* End PBXSourcesBuildPhase section */

/* Begin PBXVariantGroup section */
		F3E1DD3E1A4450DC002CAD03 /* Localizable.strings */ = {
			isa = PBXVariantGroup;
			children = (
				F3E1DD3D1A4450DC002CAD03 /* en */,
			);
			name = Localizable.strings;
			sourceTree = "<group>";
		};
/* End PBXVariantGroup section */

/* Begin XCBuildConfiguration section */
		F34EC27C1941B401005DCB42 /* Debug */ = {
			isa = XCBuildConfiguration;
			buildSettings = {
				CLANG_CXX_LANGUAGE_STANDARD = "gnu++0x";
				CLANG_CXX_LIBRARY = "libc++";
				CLANG_ENABLE_MODULES = YES;
				CLANG_ENABLE_OBJC_ARC = YES;
				CLANG_WARN_BOOL_CONVERSION = YES;
				CLANG_WARN_CONSTANT_CONVERSION = YES;
				CLANG_WARN_DIRECT_OBJC_ISA_USAGE = YES_ERROR;
				CLANG_WARN_ENUM_CONVERSION = YES;
				CLANG_WARN_INT_CONVERSION = YES;
				CLANG_WARN_OBJC_ROOT_CLASS = YES_ERROR;
				GCC_C_LANGUAGE_STANDARD = gnu99;
				GCC_PRECOMPILE_PREFIX_HEADER = YES;
				GCC_PREPROCESSOR_DEFINITIONS = (
					"DEBUG=1",
					"$(inherited)",
				);
				GCC_WARN_ABOUT_RETURN_TYPE = YES_ERROR;
				GCC_WARN_UNINITIALIZED_AUTOS = YES_AGGRESSIVE;
				GCC_WARN_UNUSED_FUNCTION = YES;
				GCC_WARN_UNUSED_VARIABLE = YES;
				OTHER_LDFLAGS = "-ObjC";
				PRODUCT_NAME = "$(TARGET_NAME)";
				SDKROOT = iphoneos;
			};
			name = Debug;
		};
		F34EC27D1941B401005DCB42 /* Release */ = {
			isa = XCBuildConfiguration;
			buildSettings = {
				CLANG_CXX_LANGUAGE_STANDARD = "gnu++0x";
				CLANG_CXX_LIBRARY = "libc++";
				CLANG_ENABLE_MODULES = YES;
				CLANG_ENABLE_OBJC_ARC = YES;
				CLANG_WARN_BOOL_CONVERSION = YES;
				CLANG_WARN_CONSTANT_CONVERSION = YES;
				CLANG_WARN_DIRECT_OBJC_ISA_USAGE = YES_ERROR;
				CLANG_WARN_ENUM_CONVERSION = YES;
				CLANG_WARN_INT_CONVERSION = YES;
				CLANG_WARN_OBJC_ROOT_CLASS = YES_ERROR;
				ENABLE_NS_ASSERTIONS = NO;
				GCC_C_LANGUAGE_STANDARD = gnu99;
				GCC_PRECOMPILE_PREFIX_HEADER = YES;
				GCC_WARN_ABOUT_RETURN_TYPE = YES_ERROR;
				GCC_WARN_UNINITIALIZED_AUTOS = YES_AGGRESSIVE;
				GCC_WARN_UNUSED_FUNCTION = YES;
				GCC_WARN_UNUSED_VARIABLE = YES;
				OTHER_LDFLAGS = "-ObjC";
				PRODUCT_NAME = "$(TARGET_NAME)";
				SDKROOT = iphoneos;
			};
			name = Release;
		};
		F34EC27F1941B401005DCB42 /* Debug */ = {
			isa = XCBuildConfiguration;
			buildSettings = {
				GCC_PREFIX_HEADER = "NativeGATracker/NativeGATracker-Prefix.pch";
				SKIP_INSTALL = YES;
			};
			name = Debug;
		};
		F34EC2801941B401005DCB42 /* Release */ = {
			isa = XCBuildConfiguration;
			buildSettings = {
				GCC_PREFIX_HEADER = "NativeGATracker/NativeGATracker-Prefix.pch";
				SKIP_INSTALL = YES;
			};
			name = Release;
		};
/* End XCBuildConfiguration section */

/* Begin XCConfigurationList section */
		F34EC2561941B400005DCB42 /* Build configuration list for PBXProject "NativeGATracker" */ = {
			isa = XCConfigurationList;
			buildConfigurations = (
				F34EC27C1941B401005DCB42 /* Debug */,
				F34EC27D1941B401005DCB42 /* Release */,
			);
			defaultConfigurationIsVisible = 0;
			defaultConfigurationName = Release;
		};
		F34EC27E1941B401005DCB42 /* Build configuration list for PBXNativeTarget "NativeGATracker" */ = {
			isa = XCConfigurationList;
			buildConfigurations = (
				F34EC27F1941B401005DCB42 /* Debug */,
				F34EC2801941B401005DCB42 /* Release */,
			);
			defaultConfigurationIsVisible = 0;
			defaultConfigurationName = Release;
		};
/* End XCConfigurationList section */
	};
	rootObject = F34EC2531941B400005DCB42 /* Project object */;
}
